// !$*UTF8*$!
{
	archiveVersion = 1;
	classes = {
	};
	objectVersion = 46;
	objects = {

/* Begin PBXBuildFile section */
		7C07F0BB1EA0436900BB8909 /* KVSpinnerView.swift in Sources */ = {isa = PBXBuildFile; fileRef = 7C07F0BA1EA0436900BB8909 /* KVSpinnerView.swift */; };
		7C07F0BE1EA0437700BB8909 /* KVSpinnerViewSettings.swift in Sources */ = {isa = PBXBuildFile; fileRef = 7C07F0BC1EA0437700BB8909 /* KVSpinnerViewSettings.swift */; };
		7C07F0BF1EA0437700BB8909 /* AnimationManager.swift in Sources */ = {isa = PBXBuildFile; fileRef = 7C07F0BD1EA0437700BB8909 /* AnimationManager.swift */; };
		7C07F0C41EA0437C00BB8909 /* CircleLayer.swift in Sources */ = {isa = PBXBuildFile; fileRef = 7C07F0C01EA0437C00BB8909 /* CircleLayer.swift */; };
		7C07F0C51EA0437C00BB8909 /* ProgressLayer.swift in Sources */ = {isa = PBXBuildFile; fileRef = 7C07F0C11EA0437C00BB8909 /* ProgressLayer.swift */; };
		7C07F0C61EA0437C00BB8909 /* RectangleLayer.swift in Sources */ = {isa = PBXBuildFile; fileRef = 7C07F0C21EA0437C00BB8909 /* RectangleLayer.swift */; };
		7C07F0C71EA0437C00BB8909 /* StatusTitleLayer.swift in Sources */ = {isa = PBXBuildFile; fileRef = 7C07F0C31EA0437C00BB8909 /* StatusTitleLayer.swift */; };
		7C0CEFA71E4E3762002980BB /* Groups.swift in Sources */ = {isa = PBXBuildFile; fileRef = 7C0CEFA61E4E3762002980BB /* Groups.swift */; };
		7C1E164C1E7D038C009DC42D /* Attendance.swift in Sources */ = {isa = PBXBuildFile; fileRef = 7C1E164B1E7D038C009DC42D /* Attendance.swift */; };
		7C236A1F1E5378A300C488D4 /* GroupsDataFlow.swift in Sources */ = {isa = PBXBuildFile; fileRef = 7C236A1E1E5378A300C488D4 /* GroupsDataFlow.swift */; };
		7C236A211E537A6F00C488D4 /* Group.swift in Sources */ = {isa = PBXBuildFile; fileRef = 7C236A201E537A6F00C488D4 /* Group.swift */; };
		7C236A231E53882200C488D4 /* GroupTableViewCell.swift in Sources */ = {isa = PBXBuildFile; fileRef = 7C236A221E53882200C488D4 /* GroupTableViewCell.swift */; };
		7C26C0131DC4405900A41487 /* AttendanceTableViewCell.swift in Sources */ = {isa = PBXBuildFile; fileRef = 7C26C0121DC4405900A41487 /* AttendanceTableViewCell.swift */; };
		7C2C36571EAB1E9900754BD0 /* CustomAlertHelper.swift in Sources */ = {isa = PBXBuildFile; fileRef = 7C2C36561EAB1E9900754BD0 /* CustomAlertHelper.swift */; };
		7C3876BD1EE9C8FA0012D773 /* EditRecordNameDialog.swift in Sources */ = {isa = PBXBuildFile; fileRef = 7C3876BC1EE9C8FA0012D773 /* EditRecordNameDialog.swift */; };
		7C5064E21E4EF65B0072972A /* CreateGroupDialog.swift in Sources */ = {isa = PBXBuildFile; fileRef = 7C5064E11E4EF65B0072972A /* CreateGroupDialog.swift */; };
		7C65D99F1DBBDB19000AA4CE /* ParentViewController.swift in Sources */ = {isa = PBXBuildFile; fileRef = 7C65D99E1DBBDB19000AA4CE /* ParentViewController.swift */; };
		7C65D9A51DBBFE82000AA4CE /* LoginDataFlow.swift in Sources */ = {isa = PBXBuildFile; fileRef = 7C65D9A41DBBFE82000AA4CE /* LoginDataFlow.swift */; };
		7C65D9A71DBC09DA000AA4CE /* GoogleService-Info.plist in Resources */ = {isa = PBXBuildFile; fileRef = 7C65D9A61DBC09DA000AA4CE /* GoogleService-Info.plist */; };
		7C675B7A1E0DAA6000E79E8D /* RecordDataFlow.swift in Sources */ = {isa = PBXBuildFile; fileRef = 7C675B791E0DAA6000E79E8D /* RecordDataFlow.swift */; };
		7C68C8261EA91DA3003FC859 /* Helpers.swift in Sources */ = {isa = PBXBuildFile; fileRef = 7C68C8251EA91DA3003FC859 /* Helpers.swift */; };
		7C68C82B1EA92098003FC859 /* CustomAlerts.storyboard in Resources */ = {isa = PBXBuildFile; fileRef = 7C68C82A1EA92098003FC859 /* CustomAlerts.storyboard */; };
		7C68C82D1EA924A6003FC859 /* ParentCustomAlert.swift in Sources */ = {isa = PBXBuildFile; fileRef = 7C68C82C1EA924A6003FC859 /* ParentCustomAlert.swift */; };
		7C6C09251E521BD800A4F067 /* AddMemberTableViewCell.swift in Sources */ = {isa = PBXBuildFile; fileRef = 7C6C09241E521BD800A4F067 /* AddMemberTableViewCell.swift */; };
		7C70BE461E0C7C7100320EA1 /* Member.swift in Sources */ = {isa = PBXBuildFile; fileRef = 7C70BE451E0C7C7100320EA1 /* Member.swift */; };
		7C7A8FB81E88C0060069EECD /* EditGroupNameDialog.swift in Sources */ = {isa = PBXBuildFile; fileRef = 7C7A8FB71E88C0060069EECD /* EditGroupNameDialog.swift */; };
		7C7CACC01E0E0D5E009F0CDB /* CellGroupTableViewCell.swift in Sources */ = {isa = PBXBuildFile; fileRef = 7C7CACBF1E0E0D5E009F0CDB /* CellGroupTableViewCell.swift */; };
		7C7CACC21E0E133C009F0CDB /* AttendanceSet.swift in Sources */ = {isa = PBXBuildFile; fileRef = 7C7CACC11E0E133C009F0CDB /* AttendanceSet.swift */; };
		7C8556D61E56267F00C72CFE /* RequestManager.swift in Sources */ = {isa = PBXBuildFile; fileRef = 7C8556D51E56267F00C72CFE /* RequestManager.swift */; };
		7C8671C91E5230B3000A3EE0 /* EditGroupDataFlow.swift in Sources */ = {isa = PBXBuildFile; fileRef = 7C8671C81E5230B3000A3EE0 /* EditGroupDataFlow.swift */; };
		7CA6A7D91E060B6C00BD3222 /* Alamofire.framework in Frameworks */ = {isa = PBXBuildFile; fileRef = 7CA6A7D81E060B6C00BD3222 /* Alamofire.framework */; settings = {ATTRIBUTES = (Weak, ); }; };
		7CA8642C1E510036002744C0 /* AddMemberDialog.swift in Sources */ = {isa = PBXBuildFile; fileRef = 7CA8642B1E510036002744C0 /* AddMemberDialog.swift */; };
		7CB170A51E4F06320075864F /* EditGroup.swift in Sources */ = {isa = PBXBuildFile; fileRef = 7CB170A41E4F06320075864F /* EditGroup.swift */; };
		7CB4580F1DC483EA00190FC1 /* AddVisitorDialog.swift in Sources */ = {isa = PBXBuildFile; fileRef = 7CB4580E1DC483EA00190FC1 /* AddVisitorDialog.swift */; };
		7CB458111DC489A900190FC1 /* ParentDialog.swift in Sources */ = {isa = PBXBuildFile; fileRef = 7CB458101DC489A800190FC1 /* ParentDialog.swift */; };
		7CB458131DC48AB300190FC1 /* Constants.swift in Sources */ = {isa = PBXBuildFile; fileRef = 7CB458121DC48AB300190FC1 /* Constants.swift */; };
		7CC2D6241DBC8CEC00EA0F86 /* MarkTableViewDataFlow.swift in Sources */ = {isa = PBXBuildFile; fileRef = 7CC2D6231DBC8CEC00EA0F86 /* MarkTableViewDataFlow.swift */; };
		7CC2D6261DBCA28100EA0F86 /* ChangeDateDialog.swift in Sources */ = {isa = PBXBuildFile; fileRef = 7CC2D6251DBCA28100EA0F86 /* ChangeDateDialog.swift */; };
		7CE5D63E1E0D0B7C00FFCCFB /* Tester.swift in Sources */ = {isa = PBXBuildFile; fileRef = 7CE5D63D1E0D0B7C00FFCCFB /* Tester.swift */; };
		7CEE02371DBC34B000E25A16 /* MenuDialog.swift in Sources */ = {isa = PBXBuildFile; fileRef = 7CEE02361DBC34B000E25A16 /* MenuDialog.swift */; };
		7CEE023B1DBC371100E25A16 /* Dialogs.storyboard in Resources */ = {isa = PBXBuildFile; fileRef = 7CEE023A1DBC371100E25A16 /* Dialogs.storyboard */; };
		7CF308631EEF335E006CA23C /* ViewRecordDialog.swift in Sources */ = {isa = PBXBuildFile; fileRef = 7CF308621EEF335E006CA23C /* ViewRecordDialog.swift */; };
		7CF36C941EA43CE400561717 /* SignUp.swift in Sources */ = {isa = PBXBuildFile; fileRef = 7CF36C931EA43CE400561717 /* SignUp.swift */; };
		7CF36C961EA445C300561717 /* SignUpDataFlow.swift in Sources */ = {isa = PBXBuildFile; fileRef = 7CF36C951EA445C300561717 /* SignUpDataFlow.swift */; };
		7CFFEE921DBB3F8E00608E62 /* AppDelegate.swift in Sources */ = {isa = PBXBuildFile; fileRef = 7CFFEE911DBB3F8E00608E62 /* AppDelegate.swift */; };
		7CFFEE941DBB3F8E00608E62 /* Mark.swift in Sources */ = {isa = PBXBuildFile; fileRef = 7CFFEE931DBB3F8E00608E62 /* Mark.swift */; };
		7CFFEE961DBB3F8E00608E62 /* Records.swift in Sources */ = {isa = PBXBuildFile; fileRef = 7CFFEE951DBB3F8E00608E62 /* Records.swift */; };
		7CFFEE991DBB3F8E00608E62 /* Main.storyboard in Resources */ = {isa = PBXBuildFile; fileRef = 7CFFEE971DBB3F8E00608E62 /* Main.storyboard */; };
		7CFFEE9B1DBB3F8E00608E62 /* Assets.xcassets in Resources */ = {isa = PBXBuildFile; fileRef = 7CFFEE9A1DBB3F8E00608E62 /* Assets.xcassets */; };
		7CFFEE9E1DBB3F8E00608E62 /* LaunchScreen.storyboard in Resources */ = {isa = PBXBuildFile; fileRef = 7CFFEE9C1DBB3F8E00608E62 /* LaunchScreen.storyboard */; };
		7CFFEEA61DBB401900608E62 /* Login.swift in Sources */ = {isa = PBXBuildFile; fileRef = 7CFFEEA51DBB401900608E62 /* Login.swift */; };
		7CFFEEA81DBB457900608E62 /* Header.swift in Sources */ = {isa = PBXBuildFile; fileRef = 7CFFEEA71DBB457900608E62 /* Header.swift */; };
		7CFFEEAA1DBB459900608E62 /* Header.xib in Resources */ = {isa = PBXBuildFile; fileRef = 7CFFEEA91DBB459900608E62 /* Header.xib */; };
		8576111CDB36088311E91550 /* Pods_tracker.framework in Frameworks */ = {isa = PBXBuildFile; fileRef = F5C092915CB6A6625D2363B2 /* Pods_tracker.framework */; settings = {ATTRIBUTES = (Weak, ); }; };
/* End PBXBuildFile section */

/* Begin PBXFileReference section */
		7C07F0BA1EA0436900BB8909 /* KVSpinnerView.swift */ = {isa = PBXFileReference; fileEncoding = 4; lastKnownFileType = sourcecode.swift; path = KVSpinnerView.swift; sourceTree = "<group>"; };
		7C07F0BC1EA0437700BB8909 /* KVSpinnerViewSettings.swift */ = {isa = PBXFileReference; fileEncoding = 4; lastKnownFileType = sourcecode.swift; path = KVSpinnerViewSettings.swift; sourceTree = "<group>"; };
		7C07F0BD1EA0437700BB8909 /* AnimationManager.swift */ = {isa = PBXFileReference; fileEncoding = 4; lastKnownFileType = sourcecode.swift; path = AnimationManager.swift; sourceTree = "<group>"; };
		7C07F0C01EA0437C00BB8909 /* CircleLayer.swift */ = {isa = PBXFileReference; fileEncoding = 4; lastKnownFileType = sourcecode.swift; path = CircleLayer.swift; sourceTree = "<group>"; };
		7C07F0C11EA0437C00BB8909 /* ProgressLayer.swift */ = {isa = PBXFileReference; fileEncoding = 4; lastKnownFileType = sourcecode.swift; path = ProgressLayer.swift; sourceTree = "<group>"; };
		7C07F0C21EA0437C00BB8909 /* RectangleLayer.swift */ = {isa = PBXFileReference; fileEncoding = 4; lastKnownFileType = sourcecode.swift; path = RectangleLayer.swift; sourceTree = "<group>"; };
		7C07F0C31EA0437C00BB8909 /* StatusTitleLayer.swift */ = {isa = PBXFileReference; fileEncoding = 4; lastKnownFileType = sourcecode.swift; path = StatusTitleLayer.swift; sourceTree = "<group>"; };
		7C0CEFA61E4E3762002980BB /* Groups.swift */ = {isa = PBXFileReference; fileEncoding = 4; lastKnownFileType = sourcecode.swift; path = Groups.swift; sourceTree = "<group>"; };
		7C1E164B1E7D038C009DC42D /* Attendance.swift */ = {isa = PBXFileReference; fileEncoding = 4; lastKnownFileType = sourcecode.swift; path = Attendance.swift; sourceTree = "<group>"; };
		7C236A1E1E5378A300C488D4 /* GroupsDataFlow.swift */ = {isa = PBXFileReference; fileEncoding = 4; lastKnownFileType = sourcecode.swift; path = GroupsDataFlow.swift; sourceTree = "<group>"; };
		7C236A201E537A6F00C488D4 /* Group.swift */ = {isa = PBXFileReference; fileEncoding = 4; lastKnownFileType = sourcecode.swift; path = Group.swift; sourceTree = "<group>"; };
		7C236A221E53882200C488D4 /* GroupTableViewCell.swift */ = {isa = PBXFileReference; fileEncoding = 4; lastKnownFileType = sourcecode.swift; path = GroupTableViewCell.swift; sourceTree = "<group>"; };
		7C26C0121DC4405900A41487 /* AttendanceTableViewCell.swift */ = {isa = PBXFileReference; fileEncoding = 4; lastKnownFileType = sourcecode.swift; path = AttendanceTableViewCell.swift; sourceTree = "<group>"; };
		7C2C36561EAB1E9900754BD0 /* CustomAlertHelper.swift */ = {isa = PBXFileReference; fileEncoding = 4; lastKnownFileType = sourcecode.swift; path = CustomAlertHelper.swift; sourceTree = "<group>"; };
		7C3876BC1EE9C8FA0012D773 /* EditRecordNameDialog.swift */ = {isa = PBXFileReference; fileEncoding = 4; lastKnownFileType = sourcecode.swift; path = EditRecordNameDialog.swift; sourceTree = "<group>"; };
		7C5064E11E4EF65B0072972A /* CreateGroupDialog.swift */ = {isa = PBXFileReference; fileEncoding = 4; lastKnownFileType = sourcecode.swift; path = CreateGroupDialog.swift; sourceTree = "<group>"; };
		7C65D99E1DBBDB19000AA4CE /* ParentViewController.swift */ = {isa = PBXFileReference; fileEncoding = 4; lastKnownFileType = sourcecode.swift; path = ParentViewController.swift; sourceTree = "<group>"; };
		7C65D9A41DBBFE82000AA4CE /* LoginDataFlow.swift */ = {isa = PBXFileReference; fileEncoding = 4; lastKnownFileType = sourcecode.swift; path = LoginDataFlow.swift; sourceTree = "<group>"; };
		7C65D9A61DBC09DA000AA4CE /* GoogleService-Info.plist */ = {isa = PBXFileReference; fileEncoding = 4; lastKnownFileType = text.plist.xml; path = "GoogleService-Info.plist"; sourceTree = "<group>"; };
		7C65D9A81DBC0A93000AA4CE /* tracker.entitlements */ = {isa = PBXFileReference; lastKnownFileType = text.plist.entitlements; path = tracker.entitlements; sourceTree = "<group>"; };
		7C675B791E0DAA6000E79E8D /* RecordDataFlow.swift */ = {isa = PBXFileReference; fileEncoding = 4; lastKnownFileType = sourcecode.swift; path = RecordDataFlow.swift; sourceTree = "<group>"; };
		7C68C8251EA91DA3003FC859 /* Helpers.swift */ = {isa = PBXFileReference; fileEncoding = 4; lastKnownFileType = sourcecode.swift; path = Helpers.swift; sourceTree = "<group>"; };
		7C68C82A1EA92098003FC859 /* CustomAlerts.storyboard */ = {isa = PBXFileReference; fileEncoding = 4; lastKnownFileType = file.storyboard; path = CustomAlerts.storyboard; sourceTree = "<group>"; };
		7C68C82C1EA924A6003FC859 /* ParentCustomAlert.swift */ = {isa = PBXFileReference; fileEncoding = 4; lastKnownFileType = sourcecode.swift; path = ParentCustomAlert.swift; sourceTree = "<group>"; };
		7C6C09241E521BD800A4F067 /* AddMemberTableViewCell.swift */ = {isa = PBXFileReference; fileEncoding = 4; lastKnownFileType = sourcecode.swift; path = AddMemberTableViewCell.swift; sourceTree = "<group>"; };
		7C70BE451E0C7C7100320EA1 /* Member.swift */ = {isa = PBXFileReference; fileEncoding = 4; lastKnownFileType = sourcecode.swift; path = Member.swift; sourceTree = "<group>"; };
		7C7A8FB71E88C0060069EECD /* EditGroupNameDialog.swift */ = {isa = PBXFileReference; fileEncoding = 4; lastKnownFileType = sourcecode.swift; path = EditGroupNameDialog.swift; sourceTree = "<group>"; };
		7C7CACBF1E0E0D5E009F0CDB /* CellGroupTableViewCell.swift */ = {isa = PBXFileReference; fileEncoding = 4; lastKnownFileType = sourcecode.swift; path = CellGroupTableViewCell.swift; sourceTree = "<group>"; };
		7C7CACC11E0E133C009F0CDB /* AttendanceSet.swift */ = {isa = PBXFileReference; fileEncoding = 4; lastKnownFileType = sourcecode.swift; path = AttendanceSet.swift; sourceTree = "<group>"; };
		7C8556D51E56267F00C72CFE /* RequestManager.swift */ = {isa = PBXFileReference; fileEncoding = 4; lastKnownFileType = sourcecode.swift; path = RequestManager.swift; sourceTree = "<group>"; };
		7C8671C81E5230B3000A3EE0 /* EditGroupDataFlow.swift */ = {isa = PBXFileReference; fileEncoding = 4; lastKnownFileType = sourcecode.swift; path = EditGroupDataFlow.swift; sourceTree = "<group>"; };
		7CA6A7D81E060B6C00BD3222 /* Alamofire.framework */ = {isa = PBXFileReference; lastKnownFileType = wrapper.framework; name = Alamofire.framework; path = "../../../../../Library/Developer/Xcode/DerivedData/tracker-daoknimisgeeameagqvhtvnbgdig/Build/Products/Debug-iphonesimulator/Alamofire/Alamofire.framework"; sourceTree = "<group>"; };
		7CA8642B1E510036002744C0 /* AddMemberDialog.swift */ = {isa = PBXFileReference; fileEncoding = 4; lastKnownFileType = sourcecode.swift; path = AddMemberDialog.swift; sourceTree = "<group>"; };
		7CB170A41E4F06320075864F /* EditGroup.swift */ = {isa = PBXFileReference; fileEncoding = 4; lastKnownFileType = sourcecode.swift; path = EditGroup.swift; sourceTree = "<group>"; };
		7CB4580E1DC483EA00190FC1 /* AddVisitorDialog.swift */ = {isa = PBXFileReference; fileEncoding = 4; lastKnownFileType = sourcecode.swift; path = AddVisitorDialog.swift; sourceTree = "<group>"; };
		7CB458101DC489A800190FC1 /* ParentDialog.swift */ = {isa = PBXFileReference; fileEncoding = 4; lastKnownFileType = sourcecode.swift; path = ParentDialog.swift; sourceTree = "<group>"; };
		7CB458121DC48AB300190FC1 /* Constants.swift */ = {isa = PBXFileReference; fileEncoding = 4; lastKnownFileType = sourcecode.swift; path = Constants.swift; sourceTree = "<group>"; };
		7CC2D6231DBC8CEC00EA0F86 /* MarkTableViewDataFlow.swift */ = {isa = PBXFileReference; fileEncoding = 4; lastKnownFileType = sourcecode.swift; path = MarkTableViewDataFlow.swift; sourceTree = "<group>"; };
		7CC2D6251DBCA28100EA0F86 /* ChangeDateDialog.swift */ = {isa = PBXFileReference; fileEncoding = 4; lastKnownFileType = sourcecode.swift; path = ChangeDateDialog.swift; sourceTree = "<group>"; };
		7CE5D63D1E0D0B7C00FFCCFB /* Tester.swift */ = {isa = PBXFileReference; fileEncoding = 4; lastKnownFileType = sourcecode.swift; path = Tester.swift; sourceTree = "<group>"; };
		7CEE02361DBC34B000E25A16 /* MenuDialog.swift */ = {isa = PBXFileReference; fileEncoding = 4; lastKnownFileType = sourcecode.swift; path = MenuDialog.swift; sourceTree = "<group>"; };
		7CEE023A1DBC371100E25A16 /* Dialogs.storyboard */ = {isa = PBXFileReference; fileEncoding = 4; lastKnownFileType = file.storyboard; path = Dialogs.storyboard; sourceTree = "<group>"; };
		7CF308621EEF335E006CA23C /* ViewRecordDialog.swift */ = {isa = PBXFileReference; fileEncoding = 4; lastKnownFileType = sourcecode.swift; path = ViewRecordDialog.swift; sourceTree = "<group>"; };
		7CF36C931EA43CE400561717 /* SignUp.swift */ = {isa = PBXFileReference; fileEncoding = 4; lastKnownFileType = sourcecode.swift; path = SignUp.swift; sourceTree = "<group>"; };
		7CF36C951EA445C300561717 /* SignUpDataFlow.swift */ = {isa = PBXFileReference; fileEncoding = 4; lastKnownFileType = sourcecode.swift; path = SignUpDataFlow.swift; sourceTree = "<group>"; };
		7CFFEE8E1DBB3F8E00608E62 /* tracker.app */ = {isa = PBXFileReference; explicitFileType = wrapper.application; includeInIndex = 0; path = tracker.app; sourceTree = BUILT_PRODUCTS_DIR; };
		7CFFEE911DBB3F8E00608E62 /* AppDelegate.swift */ = {isa = PBXFileReference; lastKnownFileType = sourcecode.swift; path = AppDelegate.swift; sourceTree = "<group>"; };
		7CFFEE931DBB3F8E00608E62 /* Mark.swift */ = {isa = PBXFileReference; lastKnownFileType = sourcecode.swift; path = Mark.swift; sourceTree = "<group>"; };
		7CFFEE951DBB3F8E00608E62 /* Records.swift */ = {isa = PBXFileReference; lastKnownFileType = sourcecode.swift; path = Records.swift; sourceTree = "<group>"; };
		7CFFEE981DBB3F8E00608E62 /* Base */ = {isa = PBXFileReference; lastKnownFileType = file.storyboard; name = Base; path = Base.lproj/Main.storyboard; sourceTree = "<group>"; };
		7CFFEE9A1DBB3F8E00608E62 /* Assets.xcassets */ = {isa = PBXFileReference; lastKnownFileType = folder.assetcatalog; path = Assets.xcassets; sourceTree = "<group>"; };
		7CFFEE9D1DBB3F8E00608E62 /* Base */ = {isa = PBXFileReference; lastKnownFileType = file.storyboard; name = Base; path = Base.lproj/LaunchScreen.storyboard; sourceTree = "<group>"; };
		7CFFEE9F1DBB3F8E00608E62 /* Info.plist */ = {isa = PBXFileReference; lastKnownFileType = text.plist.xml; path = Info.plist; sourceTree = "<group>"; };
		7CFFEEA51DBB401900608E62 /* Login.swift */ = {isa = PBXFileReference; fileEncoding = 4; lastKnownFileType = sourcecode.swift; path = Login.swift; sourceTree = "<group>"; };
		7CFFEEA71DBB457900608E62 /* Header.swift */ = {isa = PBXFileReference; fileEncoding = 4; lastKnownFileType = sourcecode.swift; path = Header.swift; sourceTree = "<group>"; };
		7CFFEEA91DBB459900608E62 /* Header.xib */ = {isa = PBXFileReference; fileEncoding = 4; lastKnownFileType = file.xib; path = Header.xib; sourceTree = "<group>"; };
		E2743FA27C85A504C072BE66 /* Pods-tracker.release.xcconfig */ = {isa = PBXFileReference; includeInIndex = 1; lastKnownFileType = text.xcconfig; name = "Pods-tracker.release.xcconfig"; path = "Pods/Target Support Files/Pods-tracker/Pods-tracker.release.xcconfig"; sourceTree = "<group>"; };
		F5C092915CB6A6625D2363B2 /* Pods_tracker.framework */ = {isa = PBXFileReference; explicitFileType = wrapper.framework; includeInIndex = 0; path = Pods_tracker.framework; sourceTree = BUILT_PRODUCTS_DIR; };
		F9AEE431F2A3E3CDE0C093F2 /* Pods-tracker.debug.xcconfig */ = {isa = PBXFileReference; includeInIndex = 1; lastKnownFileType = text.xcconfig; name = "Pods-tracker.debug.xcconfig"; path = "Pods/Target Support Files/Pods-tracker/Pods-tracker.debug.xcconfig"; sourceTree = "<group>"; };
/* End PBXFileReference section */

/* Begin PBXFrameworksBuildPhase section */
		7CFFEE8B1DBB3F8E00608E62 /* Frameworks */ = {
			isa = PBXFrameworksBuildPhase;
			buildActionMask = 2147483647;
			files = (
				7CA6A7D91E060B6C00BD3222 /* Alamofire.framework in Frameworks */,
				8576111CDB36088311E91550 /* Pods_tracker.framework in Frameworks */,
			);
			runOnlyForDeploymentPostprocessing = 0;
		};
/* End PBXFrameworksBuildPhase section */

/* Begin PBXGroup section */
		7C07F0C81EA0438F00BB8909 /* KVSpinnerView */ = {
			isa = PBXGroup;
			children = (
				7C07F0BA1EA0436900BB8909 /* KVSpinnerView.swift */,
				7C07F0BC1EA0437700BB8909 /* KVSpinnerViewSettings.swift */,
				7C07F0BD1EA0437700BB8909 /* AnimationManager.swift */,
				7C07F0C01EA0437C00BB8909 /* CircleLayer.swift */,
				7C07F0C11EA0437C00BB8909 /* ProgressLayer.swift */,
				7C07F0C21EA0437C00BB8909 /* RectangleLayer.swift */,
				7C07F0C31EA0437C00BB8909 /* StatusTitleLayer.swift */,
			);
			name = KVSpinnerView;
			sourceTree = "<group>";
		};
		7C5064DF1E4EF62F0072972A /* Dialogs */ = {
			isa = PBXGroup;
			children = (
				7CB458101DC489A800190FC1 /* ParentDialog.swift */,
				7CEE02361DBC34B000E25A16 /* MenuDialog.swift */,
				7CC2D6251DBCA28100EA0F86 /* ChangeDateDialog.swift */,
				7CB4580E1DC483EA00190FC1 /* AddVisitorDialog.swift */,
				7C5064E11E4EF65B0072972A /* CreateGroupDialog.swift */,
				7CA8642B1E510036002744C0 /* AddMemberDialog.swift */,
				7C7A8FB71E88C0060069EECD /* EditGroupNameDialog.swift */,
				7C3876BC1EE9C8FA0012D773 /* EditRecordNameDialog.swift */,
				7CF308621EEF335E006CA23C /* ViewRecordDialog.swift */,
				7CEE023A1DBC371100E25A16 /* Dialogs.storyboard */,
			);
			name = Dialogs;
			sourceTree = "<group>";
		};
		7C5064E01E4EF63B0072972A /* TableViewCells */ = {
			isa = PBXGroup;
			children = (
				7C26C0121DC4405900A41487 /* AttendanceTableViewCell.swift */,
				7C7CACBF1E0E0D5E009F0CDB /* CellGroupTableViewCell.swift */,
				7C6C09241E521BD800A4F067 /* AddMemberTableViewCell.swift */,
				7C236A221E53882200C488D4 /* GroupTableViewCell.swift */,
			);
			name = TableViewCells;
			sourceTree = "<group>";
		};
		7C65D9A01DBBFA4F000AA4CE /* UI */ = {
			isa = PBXGroup;
			children = (
				7C07F0C81EA0438F00BB8909 /* KVSpinnerView */,
				7C65D9A11DBBFA5E000AA4CE /* HelperViews */,
				7C65D9A21DBBFA77000AA4CE /* ViewControllers */,
			);
			name = UI;
			sourceTree = "<group>";
		};
		7C65D9A11DBBFA5E000AA4CE /* HelperViews */ = {
			isa = PBXGroup;
			children = (
				7C68C8271EA9206E003FC859 /* CustomAlerts */,
				7C5064E01E4EF63B0072972A /* TableViewCells */,
				7C5064DF1E4EF62F0072972A /* Dialogs */,
				7CFFEEA71DBB457900608E62 /* Header.swift */,
				7CFFEEA91DBB459900608E62 /* Header.xib */,
			);
			name = HelperViews;
			sourceTree = "<group>";
		};
		7C65D9A21DBBFA77000AA4CE /* ViewControllers */ = {
			isa = PBXGroup;
			children = (
				7CFFEEA51DBB401900608E62 /* Login.swift */,
				7CF36C931EA43CE400561717 /* SignUp.swift */,
				7C65D99E1DBBDB19000AA4CE /* ParentViewController.swift */,
				7CFFEE931DBB3F8E00608E62 /* Mark.swift */,
				7CFFEE951DBB3F8E00608E62 /* Records.swift */,
				7CE5D63D1E0D0B7C00FFCCFB /* Tester.swift */,
				7C0CEFA61E4E3762002980BB /* Groups.swift */,
				7CB170A41E4F06320075864F /* EditGroup.swift */,
			);
			name = ViewControllers;
			sourceTree = "<group>";
		};
		7C65D9A31DBBFE6E000AA4CE /* DataFlow */ = {
			isa = PBXGroup;
			children = (
				7C65D9A41DBBFE82000AA4CE /* LoginDataFlow.swift */,
				7CF36C951EA445C300561717 /* SignUpDataFlow.swift */,
				7CC2D6231DBC8CEC00EA0F86 /* MarkTableViewDataFlow.swift */,
				7C675B791E0DAA6000E79E8D /* RecordDataFlow.swift */,
				7C8671C81E5230B3000A3EE0 /* EditGroupDataFlow.swift */,
				7C236A1E1E5378A300C488D4 /* GroupsDataFlow.swift */,
				7C8556D51E56267F00C72CFE /* RequestManager.swift */,
			);
			name = DataFlow;
			sourceTree = "<group>";
		};
		7C68C8271EA9206E003FC859 /* CustomAlerts */ = {
			isa = PBXGroup;
			children = (
				7C2C36561EAB1E9900754BD0 /* CustomAlertHelper.swift */,
				7C68C82C1EA924A6003FC859 /* ParentCustomAlert.swift */,
				7C68C82A1EA92098003FC859 /* CustomAlerts.storyboard */,
			);
			name = CustomAlerts;
			sourceTree = "<group>";
		};
		7C70BE441E0C7C5C00320EA1 /* Models */ = {
			isa = PBXGroup;
			children = (
				7C70BE451E0C7C7100320EA1 /* Member.swift */,
				7C236A201E537A6F00C488D4 /* Group.swift */,
				7C7CACC11E0E133C009F0CDB /* AttendanceSet.swift */,
				7C1E164B1E7D038C009DC42D /* Attendance.swift */,
			);
			name = Models;
			sourceTree = "<group>";
		};
		7CFFEE851DBB3F8E00608E62 = {
			isa = PBXGroup;
			children = (
				7CFFEE901DBB3F8E00608E62 /* tracker */,
				7CFFEE8F1DBB3F8E00608E62 /* Products */,
				EDF411973A8E8B798950D701 /* Pods */,
				E28DCAACD8AF3E037C7B6A62 /* Frameworks */,
			);
			sourceTree = "<group>";
		};
		7CFFEE8F1DBB3F8E00608E62 /* Products */ = {
			isa = PBXGroup;
			children = (
				7CFFEE8E1DBB3F8E00608E62 /* tracker.app */,
			);
			name = Products;
			sourceTree = "<group>";
		};
		7CFFEE901DBB3F8E00608E62 /* tracker */ = {
			isa = PBXGroup;
			children = (
				7CFFEE911DBB3F8E00608E62 /* AppDelegate.swift */,
				7C65D9A01DBBFA4F000AA4CE /* UI */,
				7C65D9A31DBBFE6E000AA4CE /* DataFlow */,
				7C70BE441E0C7C5C00320EA1 /* Models */,
				7CFFEE971DBB3F8E00608E62 /* Main.storyboard */,
				7CFFEE9C1DBB3F8E00608E62 /* LaunchScreen.storyboard */,
				7CB458121DC48AB300190FC1 /* Constants.swift */,
				7C68C8251EA91DA3003FC859 /* Helpers.swift */,
				7CFFEE9A1DBB3F8E00608E62 /* Assets.xcassets */,
				7CFFEE9F1DBB3F8E00608E62 /* Info.plist */,
				7C65D9A61DBC09DA000AA4CE /* GoogleService-Info.plist */,
				7C65D9A81DBC0A93000AA4CE /* tracker.entitlements */,
			);
			path = tracker;
			sourceTree = "<group>";
		};
		E28DCAACD8AF3E037C7B6A62 /* Frameworks */ = {
			isa = PBXGroup;
			children = (
				7CA6A7D81E060B6C00BD3222 /* Alamofire.framework */,
				F5C092915CB6A6625D2363B2 /* Pods_tracker.framework */,
			);
			name = Frameworks;
			sourceTree = "<group>";
		};
		EDF411973A8E8B798950D701 /* Pods */ = {
			isa = PBXGroup;
			children = (
				F9AEE431F2A3E3CDE0C093F2 /* Pods-tracker.debug.xcconfig */,
				E2743FA27C85A504C072BE66 /* Pods-tracker.release.xcconfig */,
			);
			name = Pods;
			sourceTree = "<group>";
		};
/* End PBXGroup section */

/* Begin PBXNativeTarget section */
		7CFFEE8D1DBB3F8E00608E62 /* tracker */ = {
			isa = PBXNativeTarget;
			buildConfigurationList = 7CFFEEA21DBB3F8E00608E62 /* Build configuration list for PBXNativeTarget "tracker" */;
			buildPhases = (
				8DA0348A1FB166120D8AF639 /* [CP] Check Pods Manifest.lock */,
				7CFFEE8A1DBB3F8E00608E62 /* Sources */,
				7CFFEE8B1DBB3F8E00608E62 /* Frameworks */,
				7CFFEE8C1DBB3F8E00608E62 /* Resources */,
				DCE8311E43F069A15504AC03 /* [CP] Embed Pods Frameworks */,
				C7763D3E5AF7806E0AD6D201 /* [CP] Copy Pods Resources */,
			);
			buildRules = (
			);
			dependencies = (
			);
			name = tracker;
			productName = tracker;
			productReference = 7CFFEE8E1DBB3F8E00608E62 /* tracker.app */;
			productType = "com.apple.product-type.application";
		};
/* End PBXNativeTarget section */

/* Begin PBXProject section */
		7CFFEE861DBB3F8E00608E62 /* Project object */ = {
			isa = PBXProject;
			attributes = {
				LastSwiftUpdateCheck = 0800;
				LastUpgradeCheck = 0820;
				ORGANIZATIONNAME = "Joseph Liu";
				TargetAttributes = {
					7CFFEE8D1DBB3F8E00608E62 = {
						CreatedOnToolsVersion = 8.0;
						DevelopmentTeam = 68RB738V9E;
						ProvisioningStyle = Automatic;
						SystemCapabilities = {
							com.apple.Keychain = {
								enabled = 1;
							};
						};
					};
				};
			};
			buildConfigurationList = 7CFFEE891DBB3F8E00608E62 /* Build configuration list for PBXProject "tracker" */;
			compatibilityVersion = "Xcode 3.2";
			developmentRegion = English;
			hasScannedForEncodings = 0;
			knownRegions = (
				en,
				Base,
			);
			mainGroup = 7CFFEE851DBB3F8E00608E62;
			productRefGroup = 7CFFEE8F1DBB3F8E00608E62 /* Products */;
			projectDirPath = "";
			projectRoot = "";
			targets = (
				7CFFEE8D1DBB3F8E00608E62 /* tracker */,
			);
		};
/* End PBXProject section */

/* Begin PBXResourcesBuildPhase section */
		7CFFEE8C1DBB3F8E00608E62 /* Resources */ = {
			isa = PBXResourcesBuildPhase;
			buildActionMask = 2147483647;
			files = (
				7CEE023B1DBC371100E25A16 /* Dialogs.storyboard in Resources */,
				7CFFEEAA1DBB459900608E62 /* Header.xib in Resources */,
				7C68C82B1EA92098003FC859 /* CustomAlerts.storyboard in Resources */,
				7CFFEE9E1DBB3F8E00608E62 /* LaunchScreen.storyboard in Resources */,
				7C65D9A71DBC09DA000AA4CE /* GoogleService-Info.plist in Resources */,
				7CFFEE9B1DBB3F8E00608E62 /* Assets.xcassets in Resources */,
				7CFFEE991DBB3F8E00608E62 /* Main.storyboard in Resources */,
			);
			runOnlyForDeploymentPostprocessing = 0;
		};
/* End PBXResourcesBuildPhase section */

/* Begin PBXShellScriptBuildPhase section */
		8DA0348A1FB166120D8AF639 /* [CP] Check Pods Manifest.lock */ = {
			isa = PBXShellScriptBuildPhase;
			buildActionMask = 2147483647;
			files = (
			);
			inputPaths = (
			);
			name = "[CP] Check Pods Manifest.lock";
			outputPaths = (
			);
			runOnlyForDeploymentPostprocessing = 0;
			shellPath = /bin/sh;
			shellScript = "diff \"${PODS_ROOT}/../Podfile.lock\" \"${PODS_ROOT}/Manifest.lock\" > /dev/null\nif [ $? != 0 ] ; then\n    # print error to STDERR\n    echo \"error: The sandbox is not in sync with the Podfile.lock. Run 'pod install' or update your CocoaPods installation.\" >&2\n    exit 1\nfi\n";
			showEnvVarsInLog = 0;
		};
		C7763D3E5AF7806E0AD6D201 /* [CP] Copy Pods Resources */ = {
			isa = PBXShellScriptBuildPhase;
			buildActionMask = 2147483647;
			files = (
			);
			inputPaths = (
			);
			name = "[CP] Copy Pods Resources";
			outputPaths = (
			);
			runOnlyForDeploymentPostprocessing = 0;
			shellPath = /bin/sh;
			shellScript = "\"${SRCROOT}/Pods/Target Support Files/Pods-tracker/Pods-tracker-resources.sh\"\n";
			showEnvVarsInLog = 0;
		};
		DCE8311E43F069A15504AC03 /* [CP] Embed Pods Frameworks */ = {
			isa = PBXShellScriptBuildPhase;
			buildActionMask = 12;
			files = (
			);
			inputPaths = (
			);
			name = "[CP] Embed Pods Frameworks";
			outputPaths = (
			);
			runOnlyForDeploymentPostprocessing = 0;
			shellPath = /bin/sh;
			shellScript = "\"${SRCROOT}/Pods/Target Support Files/Pods-tracker/Pods-tracker-frameworks.sh\"\n";
			showEnvVarsInLog = 0;
		};
/* End PBXShellScriptBuildPhase section */

/* Begin PBXSourcesBuildPhase section */
		7CFFEE8A1DBB3F8E00608E62 /* Sources */ = {
			isa = PBXSourcesBuildPhase;
			buildActionMask = 2147483647;
			files = (
				7CF308631EEF335E006CA23C /* ViewRecordDialog.swift in Sources */,
				7C07F0BF1EA0437700BB8909 /* AnimationManager.swift in Sources */,
				7C7CACC21E0E133C009F0CDB /* AttendanceSet.swift in Sources */,
				7CFFEEA81DBB457900608E62 /* Header.swift in Sources */,
				7C3876BD1EE9C8FA0012D773 /* EditRecordNameDialog.swift in Sources */,
				7C8671C91E5230B3000A3EE0 /* EditGroupDataFlow.swift in Sources */,
				7C07F0C71EA0437C00BB8909 /* StatusTitleLayer.swift in Sources */,
				7CFFEE961DBB3F8E00608E62 /* Records.swift in Sources */,
				7C6C09251E521BD800A4F067 /* AddMemberTableViewCell.swift in Sources */,
				7CF36C961EA445C300561717 /* SignUpDataFlow.swift in Sources */,
				7C0CEFA71E4E3762002980BB /* Groups.swift in Sources */,
				7CEE02371DBC34B000E25A16 /* MenuDialog.swift in Sources */,
				7C236A231E53882200C488D4 /* GroupTableViewCell.swift in Sources */,
				7C2C36571EAB1E9900754BD0 /* CustomAlertHelper.swift in Sources */,
				7CC2D6261DBCA28100EA0F86 /* ChangeDateDialog.swift in Sources */,
				7C07F0BB1EA0436900BB8909 /* KVSpinnerView.swift in Sources */,
				7C70BE461E0C7C7100320EA1 /* Member.swift in Sources */,
				7C07F0C51EA0437C00BB8909 /* ProgressLayer.swift in Sources */,
				7C236A211E537A6F00C488D4 /* Group.swift in Sources */,
				7C65D99F1DBBDB19000AA4CE /* ParentViewController.swift in Sources */,
				7C07F0BE1EA0437700BB8909 /* KVSpinnerViewSettings.swift in Sources */,
				7CFFEE921DBB3F8E00608E62 /* AppDelegate.swift in Sources */,
				7C8556D61E56267F00C72CFE /* RequestManager.swift in Sources */,
				7CB4580F1DC483EA00190FC1 /* AddVisitorDialog.swift in Sources */,
				7C68C82D1EA924A6003FC859 /* ParentCustomAlert.swift in Sources */,
				7C07F0C41EA0437C00BB8909 /* CircleLayer.swift in Sources */,
				7C5064E21E4EF65B0072972A /* CreateGroupDialog.swift in Sources */,
				7C68C8261EA91DA3003FC859 /* Helpers.swift in Sources */,
				7CFFEE941DBB3F8E00608E62 /* Mark.swift in Sources */,
				7CFFEEA61DBB401900608E62 /* Login.swift in Sources */,
				7CB170A51E4F06320075864F /* EditGroup.swift in Sources */,
				7C675B7A1E0DAA6000E79E8D /* RecordDataFlow.swift in Sources */,
				7CA8642C1E510036002744C0 /* AddMemberDialog.swift in Sources */,
				7C65D9A51DBBFE82000AA4CE /* LoginDataFlow.swift in Sources */,
				7CB458111DC489A900190FC1 /* ParentDialog.swift in Sources */,
				7CB458131DC48AB300190FC1 /* Constants.swift in Sources */,
				7C1E164C1E7D038C009DC42D /* Attendance.swift in Sources */,
				7C26C0131DC4405900A41487 /* AttendanceTableViewCell.swift in Sources */,
				7C07F0C61EA0437C00BB8909 /* RectangleLayer.swift in Sources */,
				7C7CACC01E0E0D5E009F0CDB /* CellGroupTableViewCell.swift in Sources */,
				7C7A8FB81E88C0060069EECD /* EditGroupNameDialog.swift in Sources */,
				7C236A1F1E5378A300C488D4 /* GroupsDataFlow.swift in Sources */,
				7CE5D63E1E0D0B7C00FFCCFB /* Tester.swift in Sources */,
				7CF36C941EA43CE400561717 /* SignUp.swift in Sources */,
				7CC2D6241DBC8CEC00EA0F86 /* MarkTableViewDataFlow.swift in Sources */,
			);
			runOnlyForDeploymentPostprocessing = 0;
		};
/* End PBXSourcesBuildPhase section */

/* Begin PBXVariantGroup section */
		7CFFEE971DBB3F8E00608E62 /* Main.storyboard */ = {
			isa = PBXVariantGroup;
			children = (
				7CFFEE981DBB3F8E00608E62 /* Base */,
			);
			name = Main.storyboard;
			sourceTree = "<group>";
		};
		7CFFEE9C1DBB3F8E00608E62 /* LaunchScreen.storyboard */ = {
			isa = PBXVariantGroup;
			children = (
				7CFFEE9D1DBB3F8E00608E62 /* Base */,
			);
			name = LaunchScreen.storyboard;
			sourceTree = "<group>";
		};
/* End PBXVariantGroup section */

/* Begin XCBuildConfiguration section */
		7CFFEEA01DBB3F8E00608E62 /* Debug */ = {
			isa = XCBuildConfiguration;
			buildSettings = {
				ALWAYS_SEARCH_USER_PATHS = NO;
				CLANG_ANALYZER_NONNULL = YES;
				CLANG_CXX_LANGUAGE_STANDARD = "gnu++0x";
				CLANG_CXX_LIBRARY = "libc++";
				CLANG_ENABLE_MODULES = YES;
				CLANG_ENABLE_OBJC_ARC = YES;
				CLANG_WARN_BOOL_CONVERSION = YES;
				CLANG_WARN_CONSTANT_CONVERSION = YES;
				CLANG_WARN_DIRECT_OBJC_ISA_USAGE = YES_ERROR;
				CLANG_WARN_DOCUMENTATION_COMMENTS = YES;
				CLANG_WARN_EMPTY_BODY = YES;
				CLANG_WARN_ENUM_CONVERSION = YES;
				CLANG_WARN_INFINITE_RECURSION = YES;
				CLANG_WARN_INT_CONVERSION = YES;
				CLANG_WARN_OBJC_ROOT_CLASS = YES_ERROR;
				CLANG_WARN_SUSPICIOUS_MOVE = YES;
				CLANG_WARN_SUSPICIOUS_MOVES = YES;
				CLANG_WARN_UNREACHABLE_CODE = YES;
				CLANG_WARN__DUPLICATE_METHOD_MATCH = YES;
				CODE_SIGN_IDENTITY = "iPhone Developer: Mei Fang Perng (66F72HU84D)";
				"CODE_SIGN_IDENTITY[sdk=iphoneos*]" = "iPhone Developer";
				COPY_PHASE_STRIP = NO;
				DEBUG_INFORMATION_FORMAT = dwarf;
				ENABLE_STRICT_OBJC_MSGSEND = YES;
				ENABLE_TESTABILITY = YES;
				GCC_C_LANGUAGE_STANDARD = gnu99;
				GCC_DYNAMIC_NO_PIC = NO;
				GCC_NO_COMMON_BLOCKS = YES;
				GCC_OPTIMIZATION_LEVEL = 0;
				GCC_PREPROCESSOR_DEFINITIONS = (
					"DEBUG=1",
					"$(inherited)",
				);
				GCC_WARN_64_TO_32_BIT_CONVERSION = YES;
				GCC_WARN_ABOUT_RETURN_TYPE = YES_ERROR;
				GCC_WARN_UNDECLARED_SELECTOR = YES;
				GCC_WARN_UNINITIALIZED_AUTOS = YES_AGGRESSIVE;
				GCC_WARN_UNUSED_FUNCTION = YES;
				GCC_WARN_UNUSED_VARIABLE = YES;
				IPHONEOS_DEPLOYMENT_TARGET = 10.0;
				MTL_ENABLE_DEBUG_INFO = YES;
				ONLY_ACTIVE_ARCH = YES;
				SDKROOT = iphoneos;
				SWIFT_ACTIVE_COMPILATION_CONDITIONS = DEBUG;
				SWIFT_OPTIMIZATION_LEVEL = "-Onone";
			};
			name = Debug;
		};
		7CFFEEA11DBB3F8E00608E62 /* Release */ = {
			isa = XCBuildConfiguration;
			buildSettings = {
				ALWAYS_SEARCH_USER_PATHS = NO;
				CLANG_ANALYZER_NONNULL = YES;
				CLANG_CXX_LANGUAGE_STANDARD = "gnu++0x";
				CLANG_CXX_LIBRARY = "libc++";
				CLANG_ENABLE_MODULES = YES;
				CLANG_ENABLE_OBJC_ARC = YES;
				CLANG_WARN_BOOL_CONVERSION = YES;
				CLANG_WARN_CONSTANT_CONVERSION = YES;
				CLANG_WARN_DIRECT_OBJC_ISA_USAGE = YES_ERROR;
				CLANG_WARN_DOCUMENTATION_COMMENTS = YES;
				CLANG_WARN_EMPTY_BODY = YES;
				CLANG_WARN_ENUM_CONVERSION = YES;
				CLANG_WARN_INFINITE_RECURSION = YES;
				CLANG_WARN_INT_CONVERSION = YES;
				CLANG_WARN_OBJC_ROOT_CLASS = YES_ERROR;
				CLANG_WARN_SUSPICIOUS_MOVE = YES;
				CLANG_WARN_SUSPICIOUS_MOVES = YES;
				CLANG_WARN_UNREACHABLE_CODE = YES;
				CLANG_WARN__DUPLICATE_METHOD_MATCH = YES;
				CODE_SIGN_IDENTITY = "iPhone Developer: Mei Fang Perng (66F72HU84D)";
				"CODE_SIGN_IDENTITY[sdk=iphoneos*]" = "iPhone Developer";
				COPY_PHASE_STRIP = NO;
				DEBUG_INFORMATION_FORMAT = "dwarf-with-dsym";
				ENABLE_NS_ASSERTIONS = NO;
				ENABLE_STRICT_OBJC_MSGSEND = YES;
				GCC_C_LANGUAGE_STANDARD = gnu99;
				GCC_NO_COMMON_BLOCKS = YES;
				GCC_WARN_64_TO_32_BIT_CONVERSION = YES;
				GCC_WARN_ABOUT_RETURN_TYPE = YES_ERROR;
				GCC_WARN_UNDECLARED_SELECTOR = YES;
				GCC_WARN_UNINITIALIZED_AUTOS = YES_AGGRESSIVE;
				GCC_WARN_UNUSED_FUNCTION = YES;
				GCC_WARN_UNUSED_VARIABLE = YES;
				IPHONEOS_DEPLOYMENT_TARGET = 10.0;
				MTL_ENABLE_DEBUG_INFO = NO;
				SDKROOT = iphoneos;
				SWIFT_OPTIMIZATION_LEVEL = "-Owholemodule";
				VALIDATE_PRODUCT = YES;
			};
			name = Release;
		};
		7CFFEEA31DBB3F8E00608E62 /* Debug */ = {
			isa = XCBuildConfiguration;
			baseConfigurationReference = F9AEE431F2A3E3CDE0C093F2 /* Pods-tracker.debug.xcconfig */;
			buildSettings = {
				ALWAYS_EMBED_SWIFT_STANDARD_LIBRARIES = YES;
				ASSETCATALOG_COMPILER_APPICON_NAME = AppIcon;
				CODE_SIGN_ENTITLEMENTS = tracker/tracker.entitlements;
				DEVELOPMENT_TEAM = 68RB738V9E;
				INFOPLIST_FILE = tracker/Info.plist;
				LD_RUNPATH_SEARCH_PATHS = "$(inherited) @executable_path/Frameworks";
				PRODUCT_BUNDLE_IDENTIFIER = com.josephliu.tracker;
				PRODUCT_NAME = "$(TARGET_NAME)";
				SWIFT_VERSION = 3.0;
			};
			name = Debug;
		};
		7CFFEEA41DBB3F8E00608E62 /* Release */ = {
			isa = XCBuildConfiguration;
			baseConfigurationReference = E2743FA27C85A504C072BE66 /* Pods-tracker.release.xcconfig */;
			buildSettings = {
				ALWAYS_EMBED_SWIFT_STANDARD_LIBRARIES = YES;
				ASSETCATALOG_COMPILER_APPICON_NAME = AppIcon;
				CODE_SIGN_ENTITLEMENTS = tracker/tracker.entitlements;
				DEVELOPMENT_TEAM = 68RB738V9E;
				INFOPLIST_FILE = tracker/Info.plist;
				LD_RUNPATH_SEARCH_PATHS = "$(inherited) @executable_path/Frameworks";
				PRODUCT_BUNDLE_IDENTIFIER = com.josephliu.tracker;
				PRODUCT_NAME = "$(TARGET_NAME)";
				SWIFT_VERSION = 3.0;
			};
			name = Release;
		};
/* End XCBuildConfiguration section */

/* Begin XCConfigurationList section */
		7CFFEE891DBB3F8E00608E62 /* Build configuration list for PBXProject "tracker" */ = {
			isa = XCConfigurationList;
			buildConfigurations = (
				7CFFEEA01DBB3F8E00608E62 /* Debug */,
				7CFFEEA11DBB3F8E00608E62 /* Release */,
			);
			defaultConfigurationIsVisible = 0;
			defaultConfigurationName = Release;
		};
		7CFFEEA21DBB3F8E00608E62 /* Build configuration list for PBXNativeTarget "tracker" */ = {
			isa = XCConfigurationList;
			buildConfigurations = (
				7CFFEEA31DBB3F8E00608E62 /* Debug */,
				7CFFEEA41DBB3F8E00608E62 /* Release */,
			);
			defaultConfigurationIsVisible = 0;
			defaultConfigurationName = Release;
		};
/* End XCConfigurationList section */
	};
	rootObject = 7CFFEE861DBB3F8E00608E62 /* Project object */;
}
