// !$*UTF8*$!
{
	archiveVersion = 1;
	classes = {
	};
	objectVersion = 46;
	objects = {

/* Begin PBXBuildFile section */
		7C65D99F1DBBDB19000AA4CE /* ParentViewController.swift in Sources */ = {isa = PBXBuildFile; fileRef = 7C65D99E1DBBDB19000AA4CE /* ParentViewController.swift */; };
		7C65D9A51DBBFE82000AA4CE /* LoginDataFlow.swift in Sources */ = {isa = PBXBuildFile; fileRef = 7C65D9A41DBBFE82000AA4CE /* LoginDataFlow.swift */; };
		7C65D9A71DBC09DA000AA4CE /* GoogleService-Info.plist in Resources */ = {isa = PBXBuildFile; fileRef = 7C65D9A61DBC09DA000AA4CE /* GoogleService-Info.plist */; };
		7CFFEE921DBB3F8E00608E62 /* AppDelegate.swift in Sources */ = {isa = PBXBuildFile; fileRef = 7CFFEE911DBB3F8E00608E62 /* AppDelegate.swift */; };
		7CFFEE941DBB3F8E00608E62 /* Mark.swift in Sources */ = {isa = PBXBuildFile; fileRef = 7CFFEE931DBB3F8E00608E62 /* Mark.swift */; };
		7CFFEE961DBB3F8E00608E62 /* Records.swift in Sources */ = {isa = PBXBuildFile; fileRef = 7CFFEE951DBB3F8E00608E62 /* Records.swift */; };
		7CFFEE991DBB3F8E00608E62 /* Main.storyboard in Resources */ = {isa = PBXBuildFile; fileRef = 7CFFEE971DBB3F8E00608E62 /* Main.storyboard */; };
		7CFFEE9B1DBB3F8E00608E62 /* Assets.xcassets in Resources */ = {isa = PBXBuildFile; fileRef = 7CFFEE9A1DBB3F8E00608E62 /* Assets.xcassets */; };
		7CFFEE9E1DBB3F8E00608E62 /* LaunchScreen.storyboard in Resources */ = {isa = PBXBuildFile; fileRef = 7CFFEE9C1DBB3F8E00608E62 /* LaunchScreen.storyboard */; };
		7CFFEEA61DBB401900608E62 /* Login.swift in Sources */ = {isa = PBXBuildFile; fileRef = 7CFFEEA51DBB401900608E62 /* Login.swift */; };
		7CFFEEA81DBB457900608E62 /* Header.swift in Sources */ = {isa = PBXBuildFile; fileRef = 7CFFEEA71DBB457900608E62 /* Header.swift */; };
		7CFFEEAA1DBB459900608E62 /* Header.xib in Resources */ = {isa = PBXBuildFile; fileRef = 7CFFEEA91DBB459900608E62 /* Header.xib */; };
		8576111CDB36088311E91550 /* Pods_tracker.framework in Frameworks */ = {isa = PBXBuildFile; fileRef = F5C092915CB6A6625D2363B2 /* Pods_tracker.framework */; };
/* End PBXBuildFile section */

/* Begin PBXFileReference section */
		7C65D99E1DBBDB19000AA4CE /* ParentViewController.swift */ = {isa = PBXFileReference; fileEncoding = 4; lastKnownFileType = sourcecode.swift; path = ParentViewController.swift; sourceTree = "<group>"; };
		7C65D9A41DBBFE82000AA4CE /* LoginDataFlow.swift */ = {isa = PBXFileReference; fileEncoding = 4; lastKnownFileType = sourcecode.swift; path = LoginDataFlow.swift; sourceTree = "<group>"; };
		7C65D9A61DBC09DA000AA4CE /* GoogleService-Info.plist */ = {isa = PBXFileReference; fileEncoding = 4; lastKnownFileType = text.plist.xml; path = "GoogleService-Info.plist"; sourceTree = "<group>"; };
		7C65D9A81DBC0A93000AA4CE /* tracker.entitlements */ = {isa = PBXFileReference; lastKnownFileType = text.plist.entitlements; path = tracker.entitlements; sourceTree = "<group>"; };
		7CFFEE8E1DBB3F8E00608E62 /* tracker.app */ = {isa = PBXFileReference; explicitFileType = wrapper.application; includeInIndex = 0; path = tracker.app; sourceTree = BUILT_PRODUCTS_DIR; };
		7CFFEE911DBB3F8E00608E62 /* AppDelegate.swift */ = {isa = PBXFileReference; lastKnownFileType = sourcecode.swift; path = AppDelegate.swift; sourceTree = "<group>"; };
		7CFFEE931DBB3F8E00608E62 /* Mark.swift */ = {isa = PBXFileReference; lastKnownFileType = sourcecode.swift; path = Mark.swift; sourceTree = "<group>"; };
		7CFFEE951DBB3F8E00608E62 /* Records.swift */ = {isa = PBXFileReference; lastKnownFileType = sourcecode.swift; path = Records.swift; sourceTree = "<group>"; };
		7CFFEE981DBB3F8E00608E62 /* Base */ = {isa = PBXFileReference; lastKnownFileType = file.storyboard; name = Base; path = Base.lproj/Main.storyboard; sourceTree = "<group>"; };
		7CFFEE9A1DBB3F8E00608E62 /* Assets.xcassets */ = {isa = PBXFileReference; lastKnownFileType = folder.assetcatalog; path = Assets.xcassets; sourceTree = "<group>"; };
		7CFFEE9D1DBB3F8E00608E62 /* Base */ = {isa = PBXFileReference; lastKnownFileType = file.storyboard; name = Base; path = Base.lproj/LaunchScreen.storyboard; sourceTree = "<group>"; };
		7CFFEE9F1DBB3F8E00608E62 /* Info.plist */ = {isa = PBXFileReference; lastKnownFileType = text.plist.xml; path = Info.plist; sourceTree = "<group>"; };
		7CFFEEA51DBB401900608E62 /* Login.swift */ = {isa = PBXFileReference; fileEncoding = 4; lastKnownFileType = sourcecode.swift; path = Login.swift; sourceTree = "<group>"; };
		7CFFEEA71DBB457900608E62 /* Header.swift */ = {isa = PBXFileReference; fileEncoding = 4; lastKnownFileType = sourcecode.swift; path = Header.swift; sourceTree = "<group>"; };
		7CFFEEA91DBB459900608E62 /* Header.xib */ = {isa = PBXFileReference; fileEncoding = 4; lastKnownFileType = file.xib; path = Header.xib; sourceTree = "<group>"; };
		E2743FA27C85A504C072BE66 /* Pods-tracker.release.xcconfig */ = {isa = PBXFileReference; includeInIndex = 1; lastKnownFileType = text.xcconfig; name = "Pods-tracker.release.xcconfig"; path = "Pods/Target Support Files/Pods-tracker/Pods-tracker.release.xcconfig"; sourceTree = "<group>"; };
		F5C092915CB6A6625D2363B2 /* Pods_tracker.framework */ = {isa = PBXFileReference; explicitFileType = wrapper.framework; includeInIndex = 0; path = Pods_tracker.framework; sourceTree = BUILT_PRODUCTS_DIR; };
		F9AEE431F2A3E3CDE0C093F2 /* Pods-tracker.debug.xcconfig */ = {isa = PBXFileReference; includeInIndex = 1; lastKnownFileType = text.xcconfig; name = "Pods-tracker.debug.xcconfig"; path = "Pods/Target Support Files/Pods-tracker/Pods-tracker.debug.xcconfig"; sourceTree = "<group>"; };
/* End PBXFileReference section */

/* Begin PBXFrameworksBuildPhase section */
		7CFFEE8B1DBB3F8E00608E62 /* Frameworks */ = {
			isa = PBXFrameworksBuildPhase;
			buildActionMask = 2147483647;
			files = (
				8576111CDB36088311E91550 /* Pods_tracker.framework in Frameworks */,
			);
			runOnlyForDeploymentPostprocessing = 0;
		};
/* End PBXFrameworksBuildPhase section */

/* Begin PBXGroup section */
		7C65D9A01DBBFA4F000AA4CE /* UI */ = {
			isa = PBXGroup;
			children = (
				7C65D9A11DBBFA5E000AA4CE /* HelperViews */,
				7C65D9A21DBBFA77000AA4CE /* ViewControllers */,
			);
			name = UI;
			sourceTree = "<group>";
		};
		7C65D9A11DBBFA5E000AA4CE /* HelperViews */ = {
			isa = PBXGroup;
			children = (
				7CFFEEA71DBB457900608E62 /* Header.swift */,
				7CFFEEA91DBB459900608E62 /* Header.xib */,
			);
			name = HelperViews;
			sourceTree = "<group>";
		};
		7C65D9A21DBBFA77000AA4CE /* ViewControllers */ = {
			isa = PBXGroup;
			children = (
				7CFFEEA51DBB401900608E62 /* Login.swift */,
				7C65D99E1DBBDB19000AA4CE /* ParentViewController.swift */,
				7CFFEE931DBB3F8E00608E62 /* Mark.swift */,
				7CFFEE951DBB3F8E00608E62 /* Records.swift */,
			);
			name = ViewControllers;
			sourceTree = "<group>";
		};
		7C65D9A31DBBFE6E000AA4CE /* DataFlow */ = {
			isa = PBXGroup;
			children = (
				7C65D9A41DBBFE82000AA4CE /* LoginDataFlow.swift */,
			);
			name = DataFlow;
			sourceTree = "<group>";
		};
		7CFFEE851DBB3F8E00608E62 = {
			isa = PBXGroup;
			children = (
				7CFFEE901DBB3F8E00608E62 /* tracker */,
				7CFFEE8F1DBB3F8E00608E62 /* Products */,
				EDF411973A8E8B798950D701 /* Pods */,
				E28DCAACD8AF3E037C7B6A62 /* Frameworks */,
			);
			sourceTree = "<group>";
		};
		7CFFEE8F1DBB3F8E00608E62 /* Products */ = {
			isa = PBXGroup;
			children = (
				7CFFEE8E1DBB3F8E00608E62 /* tracker.app */,
			);
			name = Products;
			sourceTree = "<group>";
		};
		7CFFEE901DBB3F8E00608E62 /* tracker */ = {
			isa = PBXGroup;
			children = (
				7CFFEE911DBB3F8E00608E62 /* AppDelegate.swift */,
				7C65D9A01DBBFA4F000AA4CE /* UI */,
				7C65D9A31DBBFE6E000AA4CE /* DataFlow */,
				7CFFEE971DBB3F8E00608E62 /* Main.storyboard */,
				7CFFEE9C1DBB3F8E00608E62 /* LaunchScreen.storyboard */,
				7CFFEE9A1DBB3F8E00608E62 /* Assets.xcassets */,
				7CFFEE9F1DBB3F8E00608E62 /* Info.plist */,
				7C65D9A61DBC09DA000AA4CE /* GoogleService-Info.plist */,
				7C65D9A81DBC0A93000AA4CE /* tracker.entitlements */,
			);
			path = tracker;
			sourceTree = "<group>";
		};
		E28DCAACD8AF3E037C7B6A62 /* Frameworks */ = {
			isa = PBXGroup;
			children = (
				F5C092915CB6A6625D2363B2 /* Pods_tracker.framework */,
			);
			name = Frameworks;
			sourceTree = "<group>";
		};
		EDF411973A8E8B798950D701 /* Pods */ = {
			isa = PBXGroup;
			children = (
				F9AEE431F2A3E3CDE0C093F2 /* Pods-tracker.debug.xcconfig */,
				E2743FA27C85A504C072BE66 /* Pods-tracker.release.xcconfig */,
			);
			name = Pods;
			sourceTree = "<group>";
		};
/* End PBXGroup section */

/* Begin PBXNativeTarget section */
		7CFFEE8D1DBB3F8E00608E62 /* tracker */ = {
			isa = PBXNativeTarget;
			buildConfigurationList = 7CFFEEA21DBB3F8E00608E62 /* Build configuration list for PBXNativeTarget "tracker" */;
			buildPhases = (
				8DA0348A1FB166120D8AF639 /* [CP] Check Pods Manifest.lock */,
				7CFFEE8A1DBB3F8E00608E62 /* Sources */,
				7CFFEE8B1DBB3F8E00608E62 /* Frameworks */,
				7CFFEE8C1DBB3F8E00608E62 /* Resources */,
				DCE8311E43F069A15504AC03 /* [CP] Embed Pods Frameworks */,
				C7763D3E5AF7806E0AD6D201 /* [CP] Copy Pods Resources */,
			);
			buildRules = (
			);
			dependencies = (
			);
			name = tracker;
			productName = tracker;
			productReference = 7CFFEE8E1DBB3F8E00608E62 /* tracker.app */;
			productType = "com.apple.product-type.application";
		};
/* End PBXNativeTarget section */

/* Begin PBXProject section */
		7CFFEE861DBB3F8E00608E62 /* Project object */ = {
			isa = PBXProject;
			attributes = {
				LastSwiftUpdateCheck = 0800;
				LastUpgradeCheck = 0800;
				ORGANIZATIONNAME = "Joseph Liu";
				TargetAttributes = {
					7CFFEE8D1DBB3F8E00608E62 = {
						CreatedOnToolsVersion = 8.0;
						DevelopmentTeam = 6CXM5E25MG;
						ProvisioningStyle = Automatic;
						SystemCapabilities = {
							com.apple.Keychain = {
								enabled = 1;
							};
						};
					};
				};
			};
			buildConfigurationList = 7CFFEE891DBB3F8E00608E62 /* Build configuration list for PBXProject "tracker" */;
			compatibilityVersion = "Xcode 3.2";
			developmentRegion = English;
			hasScannedForEncodings = 0;
			knownRegions = (
				en,
				Base,
			);
			mainGroup = 7CFFEE851DBB3F8E00608E62;
			productRefGroup = 7CFFEE8F1DBB3F8E00608E62 /* Products */;
			projectDirPath = "";
			projectRoot = "";
			targets = (
				7CFFEE8D1DBB3F8E00608E62 /* tracker */,
			);
		};
/* End PBXProject section */

/* Begin PBXResourcesBuildPhase section */
		7CFFEE8C1DBB3F8E00608E62 /* Resources */ = {
			isa = PBXResourcesBuildPhase;
			buildActionMask = 2147483647;
			files = (
				7CFFEEAA1DBB459900608E62 /* Header.xib in Resources */,
				7CFFEE9E1DBB3F8E00608E62 /* LaunchScreen.storyboard in Resources */,
				7C65D9A71DBC09DA000AA4CE /* GoogleService-Info.plist in Resources */,
				7CFFEE9B1DBB3F8E00608E62 /* Assets.xcassets in Resources */,
				7CFFEE991DBB3F8E00608E62 /* Main.storyboard in Resources */,
			);
			runOnlyForDeploymentPostprocessing = 0;
		};
/* End PBXResourcesBuildPhase section */

/* Begin PBXShellScriptBuildPhase section */
		8DA0348A1FB166120D8AF639 /* [CP] Check Pods Manifest.lock */ = {
			isa = PBXShellScriptBuildPhase;
			buildActionMask = 2147483647;
			files = (
			);
			inputPaths = (
			);
			name = "[CP] Check Pods Manifest.lock";
			outputPaths = (
			);
			runOnlyForDeploymentPostprocessing = 0;
			shellPath = /bin/sh;
			shellScript = "diff \"${PODS_ROOT}/../Podfile.lock\" \"${PODS_ROOT}/Manifest.lock\" > /dev/null\nif [ $? != 0 ] ; then\n    # print error to STDERR\n    echo \"error: The sandbox is not in sync with the Podfile.lock. Run 'pod install' or update your CocoaPods installation.\" >&2\n    exit 1\nfi\n";
			showEnvVarsInLog = 0;
		};
		C7763D3E5AF7806E0AD6D201 /* [CP] Copy Pods Resources */ = {
			isa = PBXShellScriptBuildPhase;
			buildActionMask = 2147483647;
			files = (
			);
			inputPaths = (
			);
			name = "[CP] Copy Pods Resources";
			outputPaths = (
			);
			runOnlyForDeploymentPostprocessing = 0;
			shellPath = /bin/sh;
			shellScript = "\"${SRCROOT}/Pods/Target Support Files/Pods-tracker/Pods-tracker-resources.sh\"\n";
			showEnvVarsInLog = 0;
		};
		DCE8311E43F069A15504AC03 /* [CP] Embed Pods Frameworks */ = {
			isa = PBXShellScriptBuildPhase;
			buildActionMask = 2147483647;
			files = (
			);
			inputPaths = (
			);
			name = "[CP] Embed Pods Frameworks";
			outputPaths = (
			);
			runOnlyForDeploymentPostprocessing = 0;
			shellPath = /bin/sh;
			shellScript = "\"${SRCROOT}/Pods/Target Support Files/Pods-tracker/Pods-tracker-frameworks.sh\"\n";
			showEnvVarsInLog = 0;
		};
/* End PBXShellScriptBuildPhase section */

/* Begin PBXSourcesBuildPhase section */
		7CFFEE8A1DBB3F8E00608E62 /* Sources */ = {
			isa = PBXSourcesBuildPhase;
			buildActionMask = 2147483647;
			files = (
				7CFFEEA81DBB457900608E62 /* Header.swift in Sources */,
				7CFFEE961DBB3F8E00608E62 /* Records.swift in Sources */,
				7C65D99F1DBBDB19000AA4CE /* ParentViewController.swift in Sources */,
				7CFFEE921DBB3F8E00608E62 /* AppDelegate.swift in Sources */,
				7CFFEE941DBB3F8E00608E62 /* Mark.swift in Sources */,
				7CFFEEA61DBB401900608E62 /* Login.swift in Sources */,
				7C65D9A51DBBFE82000AA4CE /* LoginDataFlow.swift in Sources */,
			);
			runOnlyForDeploymentPostprocessing = 0;
		};
/* End PBXSourcesBuildPhase section */

/* Begin PBXVariantGroup section */
		7CFFEE971DBB3F8E00608E62 /* Main.storyboard */ = {
			isa = PBXVariantGroup;
			children = (
				7CFFEE981DBB3F8E00608E62 /* Base */,
			);
			name = Main.storyboard;
			sourceTree = "<group>";
		};
		7CFFEE9C1DBB3F8E00608E62 /* LaunchScreen.storyboard */ = {
			isa = PBXVariantGroup;
			children = (
				7CFFEE9D1DBB3F8E00608E62 /* Base */,
			);
			name = LaunchScreen.storyboard;
			sourceTree = "<group>";
		};
/* End PBXVariantGroup section */

/* Begin XCBuildConfiguration section */
		7CFFEEA01DBB3F8E00608E62 /* Debug */ = {
			isa = XCBuildConfiguration;
			buildSettings = {
				ALWAYS_SEARCH_USER_PATHS = NO;
				CLANG_ANALYZER_NONNULL = YES;
				CLANG_CXX_LANGUAGE_STANDARD = "gnu++0x";
				CLANG_CXX_LIBRARY = "libc++";
				CLANG_ENABLE_MODULES = YES;
				CLANG_ENABLE_OBJC_ARC = YES;
				CLANG_WARN_BOOL_CONVERSION = YES;
				CLANG_WARN_CONSTANT_CONVERSION = YES;
				CLANG_WARN_DIRECT_OBJC_ISA_USAGE = YES_ERROR;
				CLANG_WARN_DOCUMENTATION_COMMENTS = YES;
				CLANG_WARN_EMPTY_BODY = YES;
				CLANG_WARN_ENUM_CONVERSION = YES;
				CLANG_WARN_INFINITE_RECURSION = YES;
				CLANG_WARN_INT_CONVERSION = YES;
				CLANG_WARN_OBJC_ROOT_CLASS = YES_ERROR;
				CLANG_WARN_SUSPICIOUS_MOVES = YES;
				CLANG_WARN_UNREACHABLE_CODE = YES;
				CLANG_WARN__DUPLICATE_METHOD_MATCH = YES;
				"CODE_SIGN_IDENTITY[sdk=iphoneos*]" = "iPhone Developer";
				COPY_PHASE_STRIP = NO;
				DEBUG_INFORMATION_FORMAT = dwarf;
				ENABLE_STRICT_OBJC_MSGSEND = YES;
				ENABLE_TESTABILITY = YES;
				GCC_C_LANGUAGE_STANDARD = gnu99;
				GCC_DYNAMIC_NO_PIC = NO;
				GCC_NO_COMMON_BLOCKS = YES;
				GCC_OPTIMIZATION_LEVEL = 0;
				GCC_PREPROCESSOR_DEFINITIONS = (
					"DEBUG=1",
					"$(inherited)",
				);
				GCC_WARN_64_TO_32_BIT_CONVERSION = YES;
				GCC_WARN_ABOUT_RETURN_TYPE = YES_ERROR;
				GCC_WARN_UNDECLARED_SELECTOR = YES;
				GCC_WARN_UNINITIALIZED_AUTOS = YES_AGGRESSIVE;
				GCC_WARN_UNUSED_FUNCTION = YES;
				GCC_WARN_UNUSED_VARIABLE = YES;
				IPHONEOS_DEPLOYMENT_TARGET = 10.0;
				MTL_ENABLE_DEBUG_INFO = YES;
				ONLY_ACTIVE_ARCH = YES;
				SDKROOT = iphoneos;
				SWIFT_ACTIVE_COMPILATION_CONDITIONS = DEBUG;
				SWIFT_OPTIMIZATION_LEVEL = "-Onone";
			};
			name = Debug;
		};
		7CFFEEA11DBB3F8E00608E62 /* Release */ = {
			isa = XCBuildConfiguration;
			buildSettings = {
				ALWAYS_SEARCH_USER_PATHS = NO;
				CLANG_ANALYZER_NONNULL = YES;
				CLANG_CXX_LANGUAGE_STANDARD = "gnu++0x";
				CLANG_CXX_LIBRARY = "libc++";
				CLANG_ENABLE_MODULES = YES;
				CLANG_ENABLE_OBJC_ARC = YES;
				CLANG_WARN_BOOL_CONVERSION = YES;
				CLANG_WARN_CONSTANT_CONVERSION = YES;
				CLANG_WARN_DIRECT_OBJC_ISA_USAGE = YES_ERROR;
				CLANG_WARN_DOCUMENTATION_COMMENTS = YES;
				CLANG_WARN_EMPTY_BODY = YES;
				CLANG_WARN_ENUM_CONVERSION = YES;
				CLANG_WARN_INFINITE_RECURSION = YES;
				CLANG_WARN_INT_CONVERSION = YES;
				CLANG_WARN_OBJC_ROOT_CLASS = YES_ERROR;
				CLANG_WARN_SUSPICIOUS_MOVES = YES;
				CLANG_WARN_UNREACHABLE_CODE = YES;
				CLANG_WARN__DUPLICATE_METHOD_MATCH = YES;
				"CODE_SIGN_IDENTITY[sdk=iphoneos*]" = "iPhone Developer";
				COPY_PHASE_STRIP = NO;
				DEBUG_INFORMATION_FORMAT = "dwarf-with-dsym";
				ENABLE_NS_ASSERTIONS = NO;
				ENABLE_STRICT_OBJC_MSGSEND = YES;
				GCC_C_LANGUAGE_STANDARD = gnu99;
				GCC_NO_COMMON_BLOCKS = YES;
				GCC_WARN_64_TO_32_BIT_CONVERSION = YES;
				GCC_WARN_ABOUT_RETURN_TYPE = YES_ERROR;
				GCC_WARN_UNDECLARED_SELECTOR = YES;
				GCC_WARN_UNINITIALIZED_AUTOS = YES_AGGRESSIVE;
				GCC_WARN_UNUSED_FUNCTION = YES;
				GCC_WARN_UNUSED_VARIABLE = YES;
				IPHONEOS_DEPLOYMENT_TARGET = 10.0;
				MTL_ENABLE_DEBUG_INFO = NO;
				SDKROOT = iphoneos;
				SWIFT_OPTIMIZATION_LEVEL = "-Owholemodule";
				VALIDATE_PRODUCT = YES;
			};
			name = Release;
		};
		7CFFEEA31DBB3F8E00608E62 /* Debug */ = {
			isa = XCBuildConfiguration;
			baseConfigurationReference = F9AEE431F2A3E3CDE0C093F2 /* Pods-tracker.debug.xcconfig */;
			buildSettings = {
				ASSETCATALOG_COMPILER_APPICON_NAME = AppIcon;
				CODE_SIGN_ENTITLEMENTS = tracker/tracker.entitlements;
				DEVELOPMENT_TEAM = 6CXM5E25MG;
				INFOPLIST_FILE = tracker/Info.plist;
				LD_RUNPATH_SEARCH_PATHS = "$(inherited) @executable_path/Frameworks";
				PRODUCT_BUNDLE_IDENTIFIER = com.rolccyouth.tracker;
				PRODUCT_NAME = "$(TARGET_NAME)";
				SWIFT_VERSION = 3.0;
			};
			name = Debug;
		};
		7CFFEEA41DBB3F8E00608E62 /* Release */ = {
			isa = XCBuildConfiguration;
			baseConfigurationReference = E2743FA27C85A504C072BE66 /* Pods-tracker.release.xcconfig */;
			buildSettings = {
				ASSETCATALOG_COMPILER_APPICON_NAME = AppIcon;
				CODE_SIGN_ENTITLEMENTS = tracker/tracker.entitlements;
				DEVELOPMENT_TEAM = 6CXM5E25MG;
				INFOPLIST_FILE = tracker/Info.plist;
				LD_RUNPATH_SEARCH_PATHS = "$(inherited) @executable_path/Frameworks";
				PRODUCT_BUNDLE_IDENTIFIER = com.rolccyouth.tracker;
				PRODUCT_NAME = "$(TARGET_NAME)";
				SWIFT_VERSION = 3.0;
			};
			name = Release;
		};
/* End XCBuildConfiguration section */

/* Begin XCConfigurationList section */
		7CFFEE891DBB3F8E00608E62 /* Build configuration list for PBXProject "tracker" */ = {
			isa = XCConfigurationList;
			buildConfigurations = (
				7CFFEEA01DBB3F8E00608E62 /* Debug */,
				7CFFEEA11DBB3F8E00608E62 /* Release */,
			);
			defaultConfigurationIsVisible = 0;
			defaultConfigurationName = Release;
		};
		7CFFEEA21DBB3F8E00608E62 /* Build configuration list for PBXNativeTarget "tracker" */ = {
			isa = XCConfigurationList;
			buildConfigurations = (
				7CFFEEA31DBB3F8E00608E62 /* Debug */,
				7CFFEEA41DBB3F8E00608E62 /* Release */,
			);
			defaultConfigurationIsVisible = 0;
			defaultConfigurationName = Release;
		};
/* End XCConfigurationList section */
	};
	rootObject = 7CFFEE861DBB3F8E00608E62 /* Project object */;
}
